
Microsoft Visual Studio Solution File, Format Version 12.00
# Visual Studio Version 17
VisualStudioVersion = 17.10.34928.147
MinimumVisualStudioVersion = 10.0.40219.1
Project("{FAE04EC0-301F-11D3-BF4B-00C04F79EFBC}") = "POS_Web_App", "POS_Web_App\POS_Web_App.csproj", "{77599FD8-18A1-4D3B-A893-D590172767FE}"
EndProject
Global
	GlobalSection(SolutionConfigurationPlatforms) = preSolution
		Debug|Any CPU = Debug|Any CPU
		Release|Any CPU = Release|Any CPU
	EndGlobalSection
	GlobalSection(ProjectConfigurationPlatforms) = postSolution
		{77599FD8-18A1-4D3B-A893-D590172767FE}.Debug|Any CPU.ActiveCfg = Debug|Any CPU
		{77599FD8-18A1-4D3B-A893-D590172767FE}.Debug|Any CPU.Build.0 = Debug|Any CPU
		{77599FD8-18A1-4D3B-A893-D590172767FE}.Release|Any CPU.ActiveCfg = Release|Any CPU
		{77599FD8-18A1-4D3B-A893-D590172767FE}.Release|Any CPU.Build.0 = Release|Any CPU
	EndGlobalSection
	GlobalSection(SolutionProperties) = preSolution
		HideSolutionNode = FALSE
	EndGlobalSection
	GlobalSection(ExtensibilityGlobals) = postSolution
		SolutionGuid = {902A6141-B67C-4527-9A40-4E1748106AF6}
	EndGlobalSection
EndGlobal
